
Microsoft Visual Studio Solution File, Format Version 12.00
# Visual Studio 14
VisualStudioVersion = 14.0.24720.0
MinimumVisualStudioVersion = 10.0.40219.1
Project("{FAE04EC0-301F-11D3-BF4B-00C04F79EFBC}") = "Mod_Lang_CHS", "Mod_Lang_CHS.csproj", "{70FB612D-918A-4176-99C9-BA5A3AE03FA2}"
EndProject
Project("{FAE04EC0-301F-11D3-BF4B-00C04F79EFBC}") = "FileMD5Check", "..\..\..\FileMD5Check\FileMD5Check\FileMD5Check.csproj", "{EE1A9D5C-301D-440E-B0DA-B90C02CD9C2B}"
EndProject
Global
	GlobalSection(SolutionConfigurationPlatforms) = preSolution
		Debug|Any CPU = Debug|Any CPU
		Release|Any CPU = Release|Any CPU
	EndGlobalSection
	GlobalSection(ProjectConfigurationPlatforms) = postSolution
		{70FB612D-918A-4176-99C9-BA5A3AE03FA2}.Debug|Any CPU.ActiveCfg = Debug|Any CPU
		{70FB612D-918A-4176-99C9-BA5A3AE03FA2}.Debug|Any CPU.Build.0 = Debug|Any CPU
		{70FB612D-918A-4176-99C9-BA5A3AE03FA2}.Release|Any CPU.ActiveCfg = Release|Any CPU
		{70FB612D-918A-4176-99C9-BA5A3AE03FA2}.Release|Any CPU.Build.0 = Release|Any CPU
		{EE1A9D5C-301D-440E-B0DA-B90C02CD9C2B}.Debug|Any CPU.ActiveCfg = Debug|Any CPU
		{EE1A9D5C-301D-440E-B0DA-B90C02CD9C2B}.Debug|Any CPU.Build.0 = Debug|Any CPU
		{EE1A9D5C-301D-440E-B0DA-B90C02CD9C2B}.Release|Any CPU.ActiveCfg = Release|Any CPU
		{EE1A9D5C-301D-440E-B0DA-B90C02CD9C2B}.Release|Any CPU.Build.0 = Release|Any CPU
	EndGlobalSection
	GlobalSection(SolutionProperties) = preSolution
		HideSolutionNode = FALSE
	EndGlobalSection
EndGlobal
